Microsoft Visual Studio Solution File, Format Version 12.00
# Visual Studio Version 17
VisualStudioVersion = 17.5.2.0
MinimumVisualStudioVersion = 10.0.40219.1
Project("{FAE04EC0-301F-11D3-BF4B-00C04F79EFBC}") = "cw5_self", "cw5_self.csproj", "{017B4C3D-B9D1-B6A2-BFFE-BBB349C665D0}"
EndProject
Global
	GlobalSection(SolutionConfigurationPlatforms) = preSolution
		Debug|Any CPU = Debug|Any CPU
		Release|Any CPU = Release|Any CPU
	EndGlobalSection
	GlobalSection(ProjectConfigurationPlatforms) = postSolution
		{017B4C3D-B9D1-B6A2-BFFE-BBB349C665D0}.Debug|Any CPU.ActiveCfg = Debug|Any CPU
		{017B4C3D-B9D1-B6A2-BFFE-BBB349C665D0}.Debug|Any CPU.Build.0 = Debug|Any CPU
		{017B4C3D-B9D1-B6A2-BFFE-BBB349C665D0}.Release|Any CPU.ActiveCfg = Release|Any CPU
		{017B4C3D-B9D1-B6A2-BFFE-BBB349C665D0}.Release|Any CPU.Build.0 = Release|Any CPU
	EndGlobalSection
	GlobalSection(SolutionProperties) = preSolution
		HideSolutionNode = FALSE
	EndGlobalSection
	GlobalSection(ExtensibilityGlobals) = postSolution
		SolutionGuid = {E92EA4E1-8DF3-4FBB-80AE-6E7CE0FB1BF5}
	EndGlobalSection
EndGlobal
